
Microsoft Visual Studio Solution File, Format Version 12.00
# Visual Studio Version 17
VisualStudioVersion = 17.11.35219.272
MinimumVisualStudioVersion = 10.0.40219.1
Project("{FAE04EC0-301F-11D3-BF4B-00C04F79EFBC}") = "JsonToXlsx", "JsonToXlsx.csproj", "{44221840-71D4-4461-A3A4-5B32030CAA37}"
EndProject
Global
	GlobalSection(SolutionConfigurationPlatforms) = preSolution
		Debug|Any CPU = Debug|Any CPU
		Release|Any CPU = Release|Any CPU
	EndGlobalSection
	GlobalSection(ProjectConfigurationPlatforms) = postSolution
		{44221840-71D4-4461-A3A4-5B32030CAA37}.Debug|Any CPU.ActiveCfg = Debug|Any CPU
		{44221840-71D4-4461-A3A4-5B32030CAA37}.Debug|Any CPU.Build.0 = Debug|Any CPU
		{44221840-71D4-4461-A3A4-5B32030CAA37}.Release|Any CPU.ActiveCfg = Release|Any CPU
		{44221840-71D4-4461-A3A4-5B32030CAA37}.Release|Any CPU.Build.0 = Release|Any CPU
	EndGlobalSection
	GlobalSection(SolutionProperties) = preSolution
		HideSolutionNode = FALSE
	EndGlobalSection
	GlobalSection(ExtensibilityGlobals) = postSolution
		SolutionGuid = {A5ACB980-D06B-492C-A77A-E7FFA78B4AFA}
	EndGlobalSection
EndGlobal
